
Microsoft Visual Studio Solution File, Format Version 12.00
# Visual Studio Version 17
VisualStudioVersion = 17.14.36109.1 d17.14
MinimumVisualStudioVersion = 10.0.40219.1
Project("{FAE04EC0-301F-11D3-BF4B-00C04F79EFBC}") = "exer5", "exer5\exer5.csproj", "{8DF54579-7B99-4D33-B114-56EFF6D4D609}"
EndProject
Global
	GlobalSection(SolutionConfigurationPlatforms) = preSolution
		Debug|Any CPU = Debug|Any CPU
		Release|Any CPU = Release|Any CPU
	EndGlobalSection
	GlobalSection(ProjectConfigurationPlatforms) = postSolution
		{8DF54579-7B99-4D33-B114-56EFF6D4D609}.Debug|Any CPU.ActiveCfg = Debug|Any CPU
		{8DF54579-7B99-4D33-B114-56EFF6D4D609}.Debug|Any CPU.Build.0 = Debug|Any CPU
		{8DF54579-7B99-4D33-B114-56EFF6D4D609}.Release|Any CPU.ActiveCfg = Release|Any CPU
		{8DF54579-7B99-4D33-B114-56EFF6D4D609}.Release|Any CPU.Build.0 = Release|Any CPU
	EndGlobalSection
	GlobalSection(SolutionProperties) = preSolution
		HideSolutionNode = FALSE
	EndGlobalSection
	GlobalSection(ExtensibilityGlobals) = postSolution
		SolutionGuid = {4F531A9A-77BE-4266-A26E-83FA6721A9DA}
	EndGlobalSection
EndGlobal
