
Microsoft Visual Studio Solution File, Format Version 12.00
# Visual Studio Version 17
VisualStudioVersion = 17.14.36109.1 d17.14
MinimumVisualStudioVersion = 10.0.40219.1
Project("{FAE04EC0-301F-11D3-BF4B-00C04F79EFBC}") = "exer7", "exer7\exer7.csproj", "{FECF780C-D9A7-4EE4-B188-52E53E686C7F}"
EndProject
Global
	GlobalSection(SolutionConfigurationPlatforms) = preSolution
		Debug|Any CPU = Debug|Any CPU
		Release|Any CPU = Release|Any CPU
	EndGlobalSection
	GlobalSection(ProjectConfigurationPlatforms) = postSolution
		{FECF780C-D9A7-4EE4-B188-52E53E686C7F}.Debug|Any CPU.ActiveCfg = Debug|Any CPU
		{FECF780C-D9A7-4EE4-B188-52E53E686C7F}.Debug|Any CPU.Build.0 = Debug|Any CPU
		{FECF780C-D9A7-4EE4-B188-52E53E686C7F}.Release|Any CPU.ActiveCfg = Release|Any CPU
		{FECF780C-D9A7-4EE4-B188-52E53E686C7F}.Release|Any CPU.Build.0 = Release|Any CPU
	EndGlobalSection
	GlobalSection(SolutionProperties) = preSolution
		HideSolutionNode = FALSE
	EndGlobalSection
	GlobalSection(ExtensibilityGlobals) = postSolution
		SolutionGuid = {AA7829FF-6C94-44BB-A036-AE41E8578AB1}
	EndGlobalSection
EndGlobal
