
Microsoft Visual Studio Solution File, Format Version 12.00
# Visual Studio Version 17
VisualStudioVersion = 17.14.36109.1 d17.14
MinimumVisualStudioVersion = 10.0.40219.1
Project("{FAE04EC0-301F-11D3-BF4B-00C04F79EFBC}") = "exer3", "exer3\exer3.csproj", "{D5637E6B-F17D-4027-97DE-EE3B61B9BFFA}"
EndProject
Global
	GlobalSection(SolutionConfigurationPlatforms) = preSolution
		Debug|Any CPU = Debug|Any CPU
		Release|Any CPU = Release|Any CPU
	EndGlobalSection
	GlobalSection(ProjectConfigurationPlatforms) = postSolution
		{D5637E6B-F17D-4027-97DE-EE3B61B9BFFA}.Debug|Any CPU.ActiveCfg = Debug|Any CPU
		{D5637E6B-F17D-4027-97DE-EE3B61B9BFFA}.Debug|Any CPU.Build.0 = Debug|Any CPU
		{D5637E6B-F17D-4027-97DE-EE3B61B9BFFA}.Release|Any CPU.ActiveCfg = Release|Any CPU
		{D5637E6B-F17D-4027-97DE-EE3B61B9BFFA}.Release|Any CPU.Build.0 = Release|Any CPU
	EndGlobalSection
	GlobalSection(SolutionProperties) = preSolution
		HideSolutionNode = FALSE
	EndGlobalSection
	GlobalSection(ExtensibilityGlobals) = postSolution
		SolutionGuid = {BED994C6-CC37-46A2-99DC-A9C0A5376219}
	EndGlobalSection
EndGlobal
